# THIS IS AN AUTOGENERATED FILE. DO NOT EDIT THIS FILE DIRECTLY.
# yarn lockfile v1


"@webcomponents/custom-elements@^1.3.0":
  version "1.3.0"
  resolved "https://registry.yarnpkg.com/@webcomponents/custom-elements/-/custom-elements-1.3.0.tgz#d0c2fb908b5f03dc1d902f780f81503b815425cb"
  integrity sha512-Mj2g0ZlqHgV+HFFb4ErPbu64l3Bq//wTv/jOBcMBYM178zLF5YN77mBd9er8xLjekeqvI6FFUuQxwEsnbKL3CQ==

classlist.js@^1.1.20150312:
  version "1.1.20150312"
  resolved "https://registry.yarnpkg.com/classlist.js/-/classlist.js-1.1.20150312.tgz#1d70842f7022f08d9ac086ce69e5b250f2c57789"
  integrity sha1-HXCEL3Ai8I2awIbOaeWyUPLFd4k=

construct-style-sheets-polyfill@^2.2.10:
  version "2.2.10"
  resolved "https://registry.yarnpkg.com/construct-style-sheets-polyfill/-/construct-style-sheets-polyfill-2.2.10.tgz#4e9e465d98cd20762b6eecdcfa13c55cd1a2d8b5"
  integrity sha512-/weQTIiNlCjRr5CwOJ9xxfGI8DBCoac8Ba+8FEyw90yf/llXKSEhwQdLp5K8VdGOkRBW/oqT/euzpu4pfq/NBQ==
